dependencies:
  idf:
    source:
      type: idf
    version: 5.5.4
  joltwallet/littlefs:
    component_hash: 3af20a3d75c49db9dc2286fd50862c34055c9f578419ad1f2bf7ed3ed01391fe
    dependencies:
    - name: idf
      require: private
      version: '>=5.0'
    source:
      registry_url: https://components.espressif.com/
      type: service
    version: 1.22.3
direct_dependencies:
- idf
- joltwallet/littlefs
manifest_hash: 5c38ce924e6333fe58e32b234a46f3599715b92ed4b8cc90b8e4ab93b0813a14
target: esp32s3
version: 2.0.0
